// !$*UTF8*$!
{
	archiveVersion = 1;
	classes = {
	};
	objectVersion = 46;
	objects = {

/* Begin PBXBuildFile section */
		22C389AC1E88C59000646C3D /* AppDelegate.swift in Sources */ = {isa = PBXBuildFile; fileRef = 22C389AB1E88C59000646C3D /* AppDelegate.swift */; };
		22C389AE1E88C59000646C3D /* ViewController.swift in Sources */ = {isa = PBXBuildFile; fileRef = 22C389AD1E88C59000646C3D /* ViewController.swift */; };
		22C389B11E88C59000646C3D /* Main.storyboard in Resources */ = {isa = PBXBuildFile; fileRef = 22C389AF1E88C59000646C3D /* Main.storyboard */; };
		22C389B41E88C59000646C3D /* contactList2.xcdatamodeld in Sources */ = {isa = PBXBuildFile; fileRef = 22C389B21E88C59000646C3D /* contactList2.xcdatamodeld */; };
		22C389B61E88C59000646C3D /* Assets.xcassets in Resources */ = {isa = PBXBuildFile; fileRef = 22C389B51E88C59000646C3D /* Assets.xcassets */; };
		22C389B91E88C59000646C3D /* LaunchScreen.storyboard in Resources */ = {isa = PBXBuildFile; fileRef = 22C389B71E88C59000646C3D /* LaunchScreen.storyboard */; };
		22C389C41E88C59000646C3D /* contactList2Tests.swift in Sources */ = {isa = PBXBuildFile; fileRef = 22C389C31E88C59000646C3D /* contactList2Tests.swift */; };
		22C389CF1E88C59000646C3D /* contactList2UITests.swift in Sources */ = {isa = PBXBuildFile; fileRef = 22C389CE1E88C59000646C3D /* contactList2UITests.swift */; };
/* End PBXBuildFile section */

/* Begin PBXContainerItemProxy section */
		22C389C01E88C59000646C3D /* PBXContainerItemProxy */ = {
			isa = PBXContainerItemProxy;
			containerPortal = 22C389A01E88C59000646C3D /* Project object */;
			proxyType = 1;
			remoteGlobalIDString = 22C389A71E88C59000646C3D;
			remoteInfo = contactList2;
		};
		22C389CB1E88C59000646C3D /* PBXContainerItemProxy */ = {
			isa = PBXContainerItemProxy;
			containerPortal = 22C389A01E88C59000646C3D /* Project object */;
			proxyType = 1;
			remoteGlobalIDString = 22C389A71E88C59000646C3D;
			remoteInfo = contactList2;
		};
/* End PBXContainerItemProxy section */

/* Begin PBXFileReference section */
		22C389A81E88C59000646C3D /* contactList2.app */ = {isa = PBXFileReference; explicitFileType = wrapper.application; includeInIndex = 0; path = contactList2.app; sourceTree = BUILT_PRODUCTS_DIR; };
		22C389AB1E88C59000646C3D /* AppDelegate.swift */ = {isa = PBXFileReference; lastKnownFileType = sourcecode.swift; path = AppDelegate.swift; sourceTree = "<group>"; };
		22C389AD1E88C59000646C3D /* ViewController.swift */ = {isa = PBXFileReference; lastKnownFileType = sourcecode.swift; path = ViewController.swift; sourceTree = "<group>"; };
		22C389B01E88C59000646C3D /* Base */ = {isa = PBXFileReference; lastKnownFileType = file.storyboard; name = Base; path = Base.lproj/Main.storyboard; sourceTree = "<group>"; };
		22C389B31E88C59000646C3D /* contactList2.xcdatamodel */ = {isa = PBXFileReference; lastKnownFileType = wrapper.xcdatamodel; path = contactList2.xcdatamodel; sourceTree = "<group>"; };
		22C389B51E88C59000646C3D /* Assets.xcassets */ = {isa = PBXFileReference; lastKnownFileType = folder.assetcatalog; path = Assets.xcassets; sourceTree = "<group>"; };
		22C389B81E88C59000646C3D /* Base */ = {isa = PBXFileReference; lastKnownFileType = file.storyboard; name = Base; path = Base.lproj/LaunchScreen.storyboard; sourceTree = "<group>"; };
		22C389BA1E88C59000646C3D /* Info.plist */ = {isa = PBXFileReference; lastKnownFileType = text.plist.xml; path = Info.plist; sourceTree = "<group>"; };
		22C389BF1E88C59000646C3D /* contactList2Tests.xctest */ = {isa = PBXFileReference; explicitFileType = wrapper.cfbundle; includeInIndex = 0; path = contactList2Tests.xctest; sourceTree = BUILT_PRODUCTS_DIR; };
		22C389C31E88C59000646C3D /* contactList2Tests.swift */ = {isa = PBXFileReference; lastKnownFileType = sourcecode.swift; path = contactList2Tests.swift; sourceTree = "<group>"; };
		22C389C51E88C59000646C3D /* Info.plist */ = {isa = PBXFileReference; lastKnownFileType = text.plist.xml; path = Info.plist; sourceTree = "<group>"; };
		22C389CA1E88C59000646C3D /* contactList2UITests.xctest */ = {isa = PBXFileReference; explicitFileType = wrapper.cfbundle; includeInIndex = 0; path = contactList2UITests.xctest; sourceTree = BUILT_PRODUCTS_DIR; };
		22C389CE1E88C59000646C3D /* contactList2UITests.swift */ = {isa = PBXFileReference; lastKnownFileType = sourcecode.swift; path = contactList2UITests.swift; sourceTree = "<group>"; };
		22C389D01E88C59000646C3D /* Info.plist */ = {isa = PBXFileReference; lastKnownFileType = text.plist.xml; path = Info.plist; sourceTree = "<group>"; };
/* End PBXFileReference section */

/* Begin PBXFrameworksBuildPhase section */
		22C389A51E88C59000646C3D /* Frameworks */ = {
			isa = PBXFrameworksBuildPhase;
			buildActionMask = 2147483647;
			files = (
			);
			runOnlyForDeploymentPostprocessing = 0;
		};
		22C389BC1E88C59000646C3D /* Frameworks */ = {
			isa = PBXFrameworksBuildPhase;
			buildActionMask = 2147483647;
			files = (
			);
			runOnlyForDeploymentPostprocessing = 0;
		};
		22C389C71E88C59000646C3D /* Frameworks */ = {
			isa = PBXFrameworksBuildPhase;
			buildActionMask = 2147483647;
			files = (
			);
			runOnlyForDeploymentPostprocessing = 0;
		};
/* End PBXFrameworksBuildPhase section */

/* Begin PBXGroup section */
		22C3899F1E88C58F00646C3D = {
			isa = PBXGroup;
			children = (
				22C389AA1E88C59000646C3D /* contactList2 */,
				22C389C21E88C59000646C3D /* contactList2Tests */,
				22C389CD1E88C59000646C3D /* contactList2UITests */,
				22C389A91E88C59000646C3D /* Products */,
			);
			sourceTree = "<group>";
		};
		22C389A91E88C59000646C3D /* Products */ = {
			isa = PBXGroup;
			children = (
				22C389A81E88C59000646C3D /* contactList2.app */,
				22C389BF1E88C59000646C3D /* contactList2Tests.xctest */,
				22C389CA1E88C59000646C3D /* contactList2UITests.xctest */,
			);
			name = Products;
			sourceTree = "<group>";
		};
		22C389AA1E88C59000646C3D /* contactList2 */ = {
			isa = PBXGroup;
			children = (
				22C389AB1E88C59000646C3D /* AppDelegate.swift */,
				22C389AD1E88C59000646C3D /* ViewController.swift */,
				22C389AF1E88C59000646C3D /* Main.storyboard */,
				22C389B51E88C59000646C3D /* Assets.xcassets */,
				22C389B71E88C59000646C3D /* LaunchScreen.storyboard */,
				22C389BA1E88C59000646C3D /* Info.plist */,
				22C389B21E88C59000646C3D /* contactList2.xcdatamodeld */,
			);
			path = contactList2;
			sourceTree = "<group>";
		};
		22C389C21E88C59000646C3D /* contactList2Tests */ = {
			isa = PBXGroup;
			children = (
				22C389C31E88C59000646C3D /* contactList2Tests.swift */,
				22C389C51E88C59000646C3D /* Info.plist */,
			);
			path = contactList2Tests;
			sourceTree = "<group>";
		};
		22C389CD1E88C59000646C3D /* contactList2UITests */ = {
			isa = PBXGroup;
			children = (
				22C389CE1E88C59000646C3D /* contactList2UITests.swift */,
				22C389D01E88C59000646C3D /* Info.plist */,
			);
			path = contactList2UITests;
			sourceTree = "<group>";
		};
/* End PBXGroup section */

/* Begin PBXNativeTarget section */
		22C389A71E88C59000646C3D /* contactList2 */ = {
			isa = PBXNativeTarget;
			buildConfigurationList = 22C389D31E88C59000646C3D /* Build configuration list for PBXNativeTarget "contactList2" */;
			buildPhases = (
				22C389A41E88C59000646C3D /* Sources */,
				22C389A51E88C59000646C3D /* Frameworks */,
				22C389A61E88C59000646C3D /* Resources */,
			);
			buildRules = (
			);
			dependencies = (
			);
			name = contactList2;
			productName = contactList2;
			productReference = 22C389A81E88C59000646C3D /* contactList2.app */;
			productType = "com.apple.product-type.application";
		};
		22C389BE1E88C59000646C3D /* contactList2Tests */ = {
			isa = PBXNativeTarget;
			buildConfigurationList = 22C389D61E88C59000646C3D /* Build configuration list for PBXNativeTarget "contactList2Tests" */;
			buildPhases = (
				22C389BB1E88C59000646C3D /* Sources */,
				22C389BC1E88C59000646C3D /* Frameworks */,
				22C389BD1E88C59000646C3D /* Resources */,
			);
			buildRules = (
			);
			dependencies = (
				22C389C11E88C59000646C3D /* PBXTargetDependency */,
			);
			name = contactList2Tests;
			productName = contactList2Tests;
			productReference = 22C389BF1E88C59000646C3D /* contactList2Tests.xctest */;
			productType = "com.apple.product-type.bundle.unit-test";
		};
		22C389C91E88C59000646C3D /* contactList2UITests */ = {
			isa = PBXNativeTarget;
			buildConfigurationList = 22C389D91E88C59000646C3D /* Build configuration list for PBXNativeTarget "contactList2UITests" */;
			buildPhases = (
				22C389C61E88C59000646C3D /* Sources */,
				22C389C71E88C59000646C3D /* Frameworks */,
				22C389C81E88C59000646C3D /* Resources */,
			);
			buildRules = (
			);
			dependencies = (
				22C389CC1E88C59000646C3D /* PBXTargetDependency */,
			);
			name = contactList2UITests;
			productName = contactList2UITests;
			productReference = 22C389CA1E88C59000646C3D /* contactList2UITests.xctest */;
			productType = "com.apple.product-type.bundle.ui-testing";
		};
/* End PBXNativeTarget section */

/* Begin PBXProject section */
		22C389A01E88C59000646C3D /* Project object */ = {
			isa = PBXProject;
			attributes = {
				LastSwiftUpdateCheck = 0820;
				LastUpgradeCheck = 0820;
				ORGANIZATIONNAME = swift/learn;
				TargetAttributes = {
					22C389A71E88C59000646C3D = {
						CreatedOnToolsVersion = 8.2.1;
						DevelopmentTeam = C43UFG785P;
						ProvisioningStyle = Automatic;
					};
					22C389BE1E88C59000646C3D = {
						CreatedOnToolsVersion = 8.2.1;
						DevelopmentTeam = C43UFG785P;
						ProvisioningStyle = Automatic;
						TestTargetID = 22C389A71E88C59000646C3D;
					};
					22C389C91E88C59000646C3D = {
						CreatedOnToolsVersion = 8.2.1;
						DevelopmentTeam = C43UFG785P;
						ProvisioningStyle = Automatic;
						TestTargetID = 22C389A71E88C59000646C3D;
					};
				};
			};
			buildConfigurationList = 22C389A31E88C59000646C3D /* Build configuration list for PBXProject "contactList2" */;
			compatibilityVersion = "Xcode 3.2";
			developmentRegion = English;
			hasScannedForEncodings = 0;
			knownRegions = (
				en,
				Base,
			);
			mainGroup = 22C3899F1E88C58F00646C3D;
			productRefGroup = 22C389A91E88C59000646C3D /* Products */;
			projectDirPath = "";
			projectRoot = "";
			targets = (
				22C389A71E88C59000646C3D /* contactList2 */,
				22C389BE1E88C59000646C3D /* contactList2Tests */,
				22C389C91E88C59000646C3D /* contactList2UITests */,
			);
		};
/* End PBXProject section */

/* Begin PBXResourcesBuildPhase section */
		22C389A61E88C59000646C3D /* Resources */ = {
			isa = PBXResourcesBuildPhase;
			buildActionMask = 2147483647;
			files = (
				22C389B91E88C59000646C3D /* LaunchScreen.storyboard in Resources */,
				22C389B61E88C59000646C3D /* Assets.xcassets in Resources */,
				22C389B11E88C59000646C3D /* Main.storyboard in Resources */,
			);
			runOnlyForDeploymentPostprocessing = 0;
		};
		22C389BD1E88C59000646C3D /* Resources */ = {
			isa = PBXResourcesBuildPhase;
			buildActionMask = 2147483647;
			files = (
			);
			runOnlyForDeploymentPostprocessing = 0;
		};
		22C389C81E88C59000646C3D /* Resources */ = {
			isa = PBXResourcesBuildPhase;
			buildActionMask = 2147483647;
			files = (
			);
			runOnlyForDeploymentPostprocessing = 0;
		};
/* End PBXResourcesBuildPhase section */

/* Begin PBXSourcesBuildPhase section */
		22C389A41E88C59000646C3D /* Sources */ = {
			isa = PBXSourcesBuildPhase;
			buildActionMask = 2147483647;
			files = (
				22C389AE1E88C59000646C3D /* ViewController.swift in Sources */,
				22C389B41E88C59000646C3D /* contactList2.xcdatamodeld in Sources */,
				22C389AC1E88C59000646C3D /* AppDelegate.swift in Sources */,
			);
			runOnlyForDeploymentPostprocessing = 0;
		};
		22C389BB1E88C59000646C3D /* Sources */ = {
			isa = PBXSourcesBuildPhase;
			buildActionMask = 2147483647;
			files = (
				22C389C41E88C59000646C3D /* contactList2Tests.swift in Sources */,
			);
			runOnlyForDeploymentPostprocessing = 0;
		};
		22C389C61E88C59000646C3D /* Sources */ = {
			isa = PBXSourcesBuildPhase;
			buildActionMask = 2147483647;
			files = (
				22C389CF1E88C59000646C3D /* contactList2UITests.swift in Sources */,
			);
			runOnlyForDeploymentPostprocessing = 0;
		};
/* End PBXSourcesBuildPhase section */

/* Begin PBXTargetDependency section */
		22C389C11E88C59000646C3D /* PBXTargetDependency */ = {
			isa = PBXTargetDependency;
			target = 22C389A71E88C59000646C3D /* contactList2 */;
			targetProxy = 22C389C01E88C59000646C3D /* PBXContainerItemProxy */;
		};
		22C389CC1E88C59000646C3D /* PBXTargetDependency */ = {
			isa = PBXTargetDependency;
			target = 22C389A71E88C59000646C3D /* contactList2 */;
			targetProxy = 22C389CB1E88C59000646C3D /* PBXContainerItemProxy */;
		};
/* End PBXTargetDependency section */

/* Begin PBXVariantGroup section */
		22C389AF1E88C59000646C3D /* Main.storyboard */ = {
			isa = PBXVariantGroup;
			children = (
				22C389B01E88C59000646C3D /* Base */,
			);
			name = Main.storyboard;
			sourceTree = "<group>";
		};
		22C389B71E88C59000646C3D /* LaunchScreen.storyboard */ = {
			isa = PBXVariantGroup;
			children = (
				22C389B81E88C59000646C3D /* Base */,
			);
			name = LaunchScreen.storyboard;
			sourceTree = "<group>";
		};
/* End PBXVariantGroup section */

/* Begin XCBuildConfiguration section */
		22C389D11E88C59000646C3D /* Debug */ = {
			isa = XCBuildConfiguration;
			buildSettings = {
				ALWAYS_SEARCH_USER_PATHS = NO;
				CLANG_ANALYZER_NONNULL = YES;
				CLANG_CXX_LANGUAGE_STANDARD = "gnu++0x";
				CLANG_CXX_LIBRARY = "libc++";
				CLANG_ENABLE_MODULES = YES;
				CLANG_ENABLE_OBJC_ARC = YES;
				CLANG_WARN_BOOL_CONVERSION = YES;
				CLANG_WARN_CONSTANT_CONVERSION = YES;
				CLANG_WARN_DIRECT_OBJC_ISA_USAGE = YES_ERROR;
				CLANG_WARN_DOCUMENTATION_COMMENTS = YES;
				CLANG_WARN_EMPTY_BODY = YES;
				CLANG_WARN_ENUM_CONVERSION = YES;
				CLANG_WARN_INFINITE_RECURSION = YES;
				CLANG_WARN_INT_CONVERSION = YES;
				CLANG_WARN_OBJC_ROOT_CLASS = YES_ERROR;
				CLANG_WARN_SUSPICIOUS_MOVE = YES;
				CLANG_WARN_UNREACHABLE_CODE = YES;
				CLANG_WARN__DUPLICATE_METHOD_MATCH = YES;
				"CODE_SIGN_IDENTITY[sdk=iphoneos*]" = "iPhone Developer";
				COPY_PHASE_STRIP = NO;
				DEBUG_INFORMATION_FORMAT = dwarf;
				ENABLE_STRICT_OBJC_MSGSEND = YES;
				ENABLE_TESTABILITY = YES;
				GCC_C_LANGUAGE_STANDARD = gnu99;
				GCC_DYNAMIC_NO_PIC = NO;
				GCC_NO_COMMON_BLOCKS = YES;
				GCC_OPTIMIZATION_LEVEL = 0;
				GCC_PREPROCESSOR_DEFINITIONS = (
					"DEBUG=1",
					"$(inherited)",
				);
				GCC_WARN_64_TO_32_BIT_CONVERSION = YES;
				GCC_WARN_ABOUT_RETURN_TYPE = YES_ERROR;
				GCC_WARN_UNDECLARED_SELECTOR = YES;
				GCC_WARN_UNINITIALIZED_AUTOS = YES_AGGRESSIVE;
				GCC_WARN_UNUSED_FUNCTION = YES;
				GCC_WARN_UNUSED_VARIABLE = YES;
				IPHONEOS_DEPLOYMENT_TARGET = 10.2;
				MTL_ENABLE_DEBUG_INFO = YES;
				ONLY_ACTIVE_ARCH = YES;
				SDKROOT = iphoneos;
				SWIFT_ACTIVE_COMPILATION_CONDITIONS = DEBUG;
				SWIFT_OPTIMIZATION_LEVEL = "-Onone";
				TARGETED_DEVICE_FAMILY = "1,2";
			};
			name = Debug;
		};
		22C389D21E88C59000646C3D /* Release */ = {
			isa = XCBuildConfiguration;
			buildSettings = {
				ALWAYS_SEARCH_USER_PATHS = NO;
				CLANG_ANALYZER_NONNULL = YES;
				CLANG_CXX_LANGUAGE_STANDARD = "gnu++0x";
				CLANG_CXX_LIBRARY = "libc++";
				CLANG_ENABLE_MODULES = YES;
				CLANG_ENABLE_OBJC_ARC = YES;
				CLANG_WARN_BOOL_CONVERSION = YES;
				CLANG_WARN_CONSTANT_CONVERSION = YES;
				CLANG_WARN_DIRECT_OBJC_ISA_USAGE = YES_ERROR;
				CLANG_WARN_DOCUMENTATION_COMMENTS = YES;
				CLANG_WARN_EMPTY_BODY = YES;
				CLANG_WARN_ENUM_CONVERSION = YES;
				CLANG_WARN_INFINITE_RECURSION = YES;
				CLANG_WARN_INT_CONVERSION = YES;
				CLANG_WARN_OBJC_ROOT_CLASS = YES_ERROR;
				CLANG_WARN_SUSPICIOUS_MOVE = YES;
				CLANG_WARN_UNREACHABLE_CODE = YES;
				CLANG_WARN__DUPLICATE_METHOD_MATCH = YES;
				"CODE_SIGN_IDENTITY[sdk=iphoneos*]" = "iPhone Developer";
				COPY_PHASE_STRIP = NO;
				DEBUG_INFORMATION_FORMAT = "dwarf-with-dsym";
				ENABLE_NS_ASSERTIONS = NO;
				ENABLE_STRICT_OBJC_MSGSEND = YES;
				GCC_C_LANGUAGE_STANDARD = gnu99;
				GCC_NO_COMMON_BLOCKS = YES;
				GCC_WARN_64_TO_32_BIT_CONVERSION = YES;
				GCC_WARN_ABOUT_RETURN_TYPE = YES_ERROR;
				GCC_WARN_UNDECLARED_SELECTOR = YES;
				GCC_WARN_UNINITIALIZED_AUTOS = YES_AGGRESSIVE;
				GCC_WARN_UNUSED_FUNCTION = YES;
				GCC_WARN_UNUSED_VARIABLE = YES;
				IPHONEOS_DEPLOYMENT_TARGET = 10.2;
				MTL_ENABLE_DEBUG_INFO = NO;
				SDKROOT = iphoneos;
				SWIFT_OPTIMIZATION_LEVEL = "-Owholemodule";
				TARGETED_DEVICE_FAMILY = "1,2";
				VALIDATE_PRODUCT = YES;
			};
			name = Release;
		};
		22C389D41E88C59000646C3D /* Debug */ = {
			isa = XCBuildConfiguration;
			buildSettings = {
				ASSETCATALOG_COMPILER_APPICON_NAME = AppIcon;
				DEVELOPMENT_TEAM = C43UFG785P;
				INFOPLIST_FILE = contactList2/Info.plist;
				LD_RUNPATH_SEARCH_PATHS = "$(inherited) @executable_path/Frameworks";
				PRODUCT_BUNDLE_IDENTIFIER = "com.swift-learn.contactList2";
				PRODUCT_NAME = "$(TARGET_NAME)";
				SWIFT_VERSION = 3.0;
			};
			name = Debug;
		};
		22C389D51E88C59000646C3D /* Release */ = {
			isa = XCBuildConfiguration;
			buildSettings = {
				ASSETCATALOG_COMPILER_APPICON_NAME = AppIcon;
				DEVELOPMENT_TEAM = C43UFG785P;
				INFOPLIST_FILE = contactList2/Info.plist;
				LD_RUNPATH_SEARCH_PATHS = "$(inherited) @executable_path/Frameworks";
				PRODUCT_BUNDLE_IDENTIFIER = "com.swift-learn.contactList2";
				PRODUCT_NAME = "$(TARGET_NAME)";
				SWIFT_VERSION = 3.0;
			};
			name = Release;
		};
		22C389D71E88C59000646C3D /* Debug */ = {
			isa = XCBuildConfiguration;
			buildSettings = {
				ALWAYS_EMBED_SWIFT_STANDARD_LIBRARIES = YES;
				BUNDLE_LOADER = "$(TEST_HOST)";
				DEVELOPMENT_TEAM = C43UFG785P;
				INFOPLIST_FILE = contactList2Tests/Info.plist;
				LD_RUNPATH_SEARCH_PATHS = "$(inherited) @executable_path/Frameworks @loader_path/Frameworks";
				PRODUCT_BUNDLE_IDENTIFIER = "com.swift-learn.contactList2Tests";
				PRODUCT_NAME = "$(TARGET_NAME)";
				SWIFT_VERSION = 3.0;
				TEST_HOST = "$(BUILT_PRODUCTS_DIR)/contactList2.app/contactList2";
			};
			name = Debug;
		};
		22C389D81E88C59000646C3D /* Release */ = {
			isa = XCBuildConfiguration;
			buildSettings = {
				ALWAYS_EMBED_SWIFT_STANDARD_LIBRARIES = YES;
				BUNDLE_LOADER = "$(TEST_HOST)";
				DEVELOPMENT_TEAM = C43UFG785P;
				INFOPLIST_FILE = contactList2Tests/Info.plist;
				LD_RUNPATH_SEARCH_PATHS = "$(inherited) @executable_path/Frameworks @loader_path/Frameworks";
				PRODUCT_BUNDLE_IDENTIFIER = "com.swift-learn.contactList2Tests";
				PRODUCT_NAME = "$(TARGET_NAME)";
				SWIFT_VERSION = 3.0;
				TEST_HOST = "$(BUILT_PRODUCTS_DIR)/contactList2.app/contactList2";
			};
			name = Release;
		};
		22C389DA1E88C59000646C3D /* Debug */ = {
			isa = XCBuildConfiguration;
			buildSettings = {
				ALWAYS_EMBED_SWIFT_STANDARD_LIBRARIES = YES;
				DEVELOPMENT_TEAM = C43UFG785P;
				INFOPLIST_FILE = contactList2UITests/Info.plist;
				LD_RUNPATH_SEARCH_PATHS = "$(inherited) @executable_path/Frameworks @loader_path/Frameworks";
				PRODUCT_BUNDLE_IDENTIFIER = "com.swift-learn.contactList2UITests";
				PRODUCT_NAME = "$(TARGET_NAME)";
				SWIFT_VERSION = 3.0;
				TEST_TARGET_NAME = contactList2;
			};
			name = Debug;
		};
		22C389DB1E88C59000646C3D /* Release */ = {
			isa = XCBuildConfiguration;
			buildSettings = {
				ALWAYS_EMBED_SWIFT_STANDARD_LIBRARIES = YES;
				DEVELOPMENT_TEAM = C43UFG785P;
				INFOPLIST_FILE = contactList2UITests/Info.plist;
				LD_RUNPATH_SEARCH_PATHS = "$(inherited) @executable_path/Frameworks @loader_path/Frameworks";
				PRODUCT_BUNDLE_IDENTIFIER = "com.swift-learn.contactList2UITests";
				PRODUCT_NAME = "$(TARGET_NAME)";
				SWIFT_VERSION = 3.0;
				TEST_TARGET_NAME = contactList2;
			};
			name = Release;
		};
/* End XCBuildConfiguration section */

/* Begin XCConfigurationList section */
		22C389A31E88C59000646C3D /* Build configuration list for PBXProject "contactList2" */ = {
			isa = XCConfigurationList;
			buildConfigurations = (
				22C389D11E88C59000646C3D /* Debug */,
				22C389D21E88C59000646C3D /* Release */,
			);
			defaultConfigurationIsVisible = 0;
			defaultConfigurationName = Release;
		};
		22C389D31E88C59000646C3D /* Build configuration list for PBXNativeTarget "contactList2" */ = {
			isa = XCConfigurationList;
			buildConfigurations = (
				22C389D41E88C59000646C3D /* Debug */,
				22C389D51E88C59000646C3D /* Release */,
			);
			defaultConfigurationIsVisible = 0;
		};
		22C389D61E88C59000646C3D /* Build configuration list for PBXNativeTarget "contactList2Tests" */ = {
			isa = XCConfigurationList;
			buildConfigurations = (
				22C389D71E88C59000646C3D /* Debug */,
				22C389D81E88C59000646C3D /* Release */,
			);
			defaultConfigurationIsVisible = 0;
		};
		22C389D91E88C59000646C3D /* Build configuration list for PBXNativeTarget "contactList2UITests" */ = {
			isa = XCConfigurationList;
			buildConfigurations = (
				22C389DA1E88C59000646C3D /* Debug */,
				22C389DB1E88C59000646C3D /* Release */,
			);
			defaultConfigurationIsVisible = 0;
		};
/* End XCConfigurationList section */

/* Begin XCVersionGroup section */
		22C389B21E88C59000646C3D /* contactList2.xcdatamodeld */ = {
			isa = XCVersionGroup;
			children = (
				22C389B31E88C59000646C3D /* contactList2.xcdatamodel */,
			);
			currentVersion = 22C389B31E88C59000646C3D /* contactList2.xcdatamodel */;
			path = contactList2.xcdatamodeld;
			sourceTree = "<group>";
			versionGroupType = wrapper.xcdatamodel;
		};
/* End XCVersionGroup section */
	};
	rootObject = 22C389A01E88C59000646C3D /* Project object */;
}
